
Microsoft Visual Studio Solution File, Format Version 12.00
# Visual Studio Version 17
VisualStudioVersion = 17.14.36408.4 d17.14
MinimumVisualStudioVersion = 10.0.40219.1
Project("{FAE04EC0-301F-11D3-BF4B-00C04F79EFBC}") = "GP-quiz-Kevin", "GP-quiz-Kevin\GP-quiz-Kevin.csproj", "{DABE31D7-5D06-4D63-AD8A-D0B8AFFD59AA}"
EndProject
Global
	GlobalSection(SolutionConfigurationPlatforms) = preSolution
		Debug|Any CPU = Debug|Any CPU
		Release|Any CPU = Release|Any CPU
	EndGlobalSection
	GlobalSection(ProjectConfigurationPlatforms) = postSolution
		{DABE31D7-5D06-4D63-AD8A-D0B8AFFD59AA}.Debug|Any CPU.ActiveCfg = Debug|Any CPU
		{DABE31D7-5D06-4D63-AD8A-D0B8AFFD59AA}.Debug|Any CPU.Build.0 = Debug|Any CPU
		{DABE31D7-5D06-4D63-AD8A-D0B8AFFD59AA}.Release|Any CPU.ActiveCfg = Release|Any CPU
		{DABE31D7-5D06-4D63-AD8A-D0B8AFFD59AA}.Release|Any CPU.Build.0 = Release|Any CPU
	EndGlobalSection
	GlobalSection(SolutionProperties) = preSolution
		HideSolutionNode = FALSE
	EndGlobalSection
	GlobalSection(ExtensibilityGlobals) = postSolution
		SolutionGuid = {1F59EBC6-416F-4EBE-9C1E-8353A723DFB8}
	EndGlobalSection
EndGlobal
